
Microsoft Visual Studio Solution File, Format Version 12.00
# Visual Studio 2012
Project("{FAE04EC0-301F-11D3-BF4B-00C04F79EFBC}") = "OrderFood", "OrderFood\OrderFood\OrderFood.csproj", "{26D6C36F-8824-4B75-913C-83FAD2344BF8}"
EndProject
Project("{FAE04EC0-301F-11D3-BF4B-00C04F79EFBC}") = "OrderFood.Android", "OrderFood\OrderFood.Android\OrderFood.Android.csproj", "{75A19381-D229-40F9-9124-D897D36A6841}"
EndProject
Project("{FAE04EC0-301F-11D3-BF4B-00C04F79EFBC}") = "OrderFood.iOS", "OrderFood\OrderFood.iOS\OrderFood.iOS.csproj", "{436C48A1-01E0-438D-9A1F-396BBFDAC687}"
EndProject
Global
	GlobalSection(SolutionConfigurationPlatforms) = preSolution
		Debug|Any CPU = Debug|Any CPU
		Release|Any CPU = Release|Any CPU
		Debug|iPhoneSimulator = Debug|iPhoneSimulator
		Release|iPhoneSimulator = Release|iPhoneSimulator
		Debug|iPhone = Debug|iPhone
		Release|iPhone = Release|iPhone
		Ad-Hoc|iPhone = Ad-Hoc|iPhone
		AppStore|iPhone = AppStore|iPhone
	EndGlobalSection
	GlobalSection(ProjectConfigurationPlatforms) = postSolution
		{26D6C36F-8824-4B75-913C-83FAD2344BF8}.Debug|Any CPU.ActiveCfg = Debug|Any CPU
		{26D6C36F-8824-4B75-913C-83FAD2344BF8}.Debug|Any CPU.Build.0 = Debug|Any CPU
		{26D6C36F-8824-4B75-913C-83FAD2344BF8}.Release|Any CPU.ActiveCfg = Release|Any CPU
		{26D6C36F-8824-4B75-913C-83FAD2344BF8}.Release|Any CPU.Build.0 = Release|Any CPU
		{26D6C36F-8824-4B75-913C-83FAD2344BF8}.Debug|iPhoneSimulator.ActiveCfg = Debug|Any CPU
		{26D6C36F-8824-4B75-913C-83FAD2344BF8}.Debug|iPhoneSimulator.Build.0 = Debug|Any CPU
		{26D6C36F-8824-4B75-913C-83FAD2344BF8}.Release|iPhoneSimulator.ActiveCfg = Release|Any CPU
		{26D6C36F-8824-4B75-913C-83FAD2344BF8}.Release|iPhoneSimulator.Build.0 = Release|Any CPU
		{26D6C36F-8824-4B75-913C-83FAD2344BF8}.Debug|iPhone.ActiveCfg = Debug|Any CPU
		{26D6C36F-8824-4B75-913C-83FAD2344BF8}.Debug|iPhone.Build.0 = Debug|Any CPU
		{26D6C36F-8824-4B75-913C-83FAD2344BF8}.Release|iPhone.ActiveCfg = Release|Any CPU
		{26D6C36F-8824-4B75-913C-83FAD2344BF8}.Release|iPhone.Build.0 = Release|Any CPU
		{26D6C36F-8824-4B75-913C-83FAD2344BF8}.Ad-Hoc|iPhone.ActiveCfg = Debug|Any CPU
		{26D6C36F-8824-4B75-913C-83FAD2344BF8}.Ad-Hoc|iPhone.Build.0 = Debug|Any CPU
		{26D6C36F-8824-4B75-913C-83FAD2344BF8}.AppStore|iPhone.ActiveCfg = Debug|Any CPU
		{26D6C36F-8824-4B75-913C-83FAD2344BF8}.AppStore|iPhone.Build.0 = Debug|Any CPU
		{75A19381-D229-40F9-9124-D897D36A6841}.Debug|Any CPU.ActiveCfg = Debug|Any CPU
		{75A19381-D229-40F9-9124-D897D36A6841}.Debug|Any CPU.Build.0 = Debug|Any CPU
		{75A19381-D229-40F9-9124-D897D36A6841}.Release|Any CPU.ActiveCfg = Release|Any CPU
		{75A19381-D229-40F9-9124-D897D36A6841}.Release|Any CPU.Build.0 = Release|Any CPU
		{75A19381-D229-40F9-9124-D897D36A6841}.Debug|iPhoneSimulator.ActiveCfg = Debug|Any CPU
		{75A19381-D229-40F9-9124-D897D36A6841}.Debug|iPhoneSimulator.Build.0 = Debug|Any CPU
		{75A19381-D229-40F9-9124-D897D36A6841}.Release|iPhoneSimulator.ActiveCfg = Release|Any CPU
		{75A19381-D229-40F9-9124-D897D36A6841}.Release|iPhoneSimulator.Build.0 = Release|Any CPU
		{75A19381-D229-40F9-9124-D897D36A6841}.Debug|iPhone.ActiveCfg = Debug|Any CPU
		{75A19381-D229-40F9-9124-D897D36A6841}.Debug|iPhone.Build.0 = Debug|Any CPU
		{75A19381-D229-40F9-9124-D897D36A6841}.Release|iPhone.ActiveCfg = Release|Any CPU
		{75A19381-D229-40F9-9124-D897D36A6841}.Release|iPhone.Build.0 = Release|Any CPU
		{75A19381-D229-40F9-9124-D897D36A6841}.Ad-Hoc|iPhone.ActiveCfg = Debug|Any CPU
		{75A19381-D229-40F9-9124-D897D36A6841}.Ad-Hoc|iPhone.Build.0 = Debug|Any CPU
		{75A19381-D229-40F9-9124-D897D36A6841}.AppStore|iPhone.ActiveCfg = Debug|Any CPU
		{75A19381-D229-40F9-9124-D897D36A6841}.AppStore|iPhone.Build.0 = Debug|Any CPU
		{436C48A1-01E0-438D-9A1F-396BBFDAC687}.Debug|Any CPU.ActiveCfg = Debug|iPhoneSimulator
		{436C48A1-01E0-438D-9A1F-396BBFDAC687}.Debug|Any CPU.Build.0 = Debug|iPhoneSimulator
		{436C48A1-01E0-438D-9A1F-396BBFDAC687}.Release|Any CPU.ActiveCfg = Release|iPhoneSimulator
		{436C48A1-01E0-438D-9A1F-396BBFDAC687}.Release|Any CPU.Build.0 = Release|iPhoneSimulator
		{436C48A1-01E0-438D-9A1F-396BBFDAC687}.Debug|iPhoneSimulator.ActiveCfg = Debug|iPhoneSimulator
		{436C48A1-01E0-438D-9A1F-396BBFDAC687}.Debug|iPhoneSimulator.Build.0 = Debug|iPhoneSimulator
		{436C48A1-01E0-438D-9A1F-396BBFDAC687}.Release|iPhoneSimulator.ActiveCfg = Release|iPhoneSimulator
		{436C48A1-01E0-438D-9A1F-396BBFDAC687}.Release|iPhoneSimulator.Build.0 = Release|iPhoneSimulator
		{436C48A1-01E0-438D-9A1F-396BBFDAC687}.Debug|iPhone.ActiveCfg = Debug|iPhone
		{436C48A1-01E0-438D-9A1F-396BBFDAC687}.Debug|iPhone.Build.0 = Debug|iPhone
		{436C48A1-01E0-438D-9A1F-396BBFDAC687}.Release|iPhone.ActiveCfg = Release|iPhone
		{436C48A1-01E0-438D-9A1F-396BBFDAC687}.Release|iPhone.Build.0 = Release|iPhone
		{436C48A1-01E0-438D-9A1F-396BBFDAC687}.Ad-Hoc|iPhone.ActiveCfg = Ad-Hoc|iPhone
		{436C48A1-01E0-438D-9A1F-396BBFDAC687}.Ad-Hoc|iPhone.Build.0 = Ad-Hoc|iPhone
		{436C48A1-01E0-438D-9A1F-396BBFDAC687}.AppStore|iPhone.ActiveCfg = AppStore|iPhone
		{436C48A1-01E0-438D-9A1F-396BBFDAC687}.AppStore|iPhone.Build.0 = AppStore|iPhone
	EndGlobalSection
EndGlobal
